
Microsoft Visual Studio Solution File, Format Version 12.00
# Visual Studio 15
VisualStudioVersion = 15.0.28307.539
MinimumVisualStudioVersion = 10.0.40219.1
Project("{F184B08F-C81C-45F6-A57F-5ABD9991F28F}") = "VB_WinForm", "VB_WinForm\VB_WinForm.vbproj", "{61004CF7-9E9A-432B-9E54-A86CC8FCFA99}"
EndProject
Project("{F184B08F-C81C-45F6-A57F-5ABD9991F28F}") = "Entity", "Entity\Entity.vbproj", "{43E5A413-3137-4B2B-ABA9-388C3A6F1B63}"
EndProject
Global
	GlobalSection(SolutionConfigurationPlatforms) = preSolution
		Debug|Any CPU = Debug|Any CPU
		Release|Any CPU = Release|Any CPU
	EndGlobalSection
	GlobalSection(ProjectConfigurationPlatforms) = postSolution
		{61004CF7-9E9A-432B-9E54-A86CC8FCFA99}.Debug|Any CPU.ActiveCfg = Debug|Any CPU
		{61004CF7-9E9A-432B-9E54-A86CC8FCFA99}.Debug|Any CPU.Build.0 = Debug|Any CPU
		{61004CF7-9E9A-432B-9E54-A86CC8FCFA99}.Release|Any CPU.ActiveCfg = Release|Any CPU
		{61004CF7-9E9A-432B-9E54-A86CC8FCFA99}.Release|Any CPU.Build.0 = Release|Any CPU
		{43E5A413-3137-4B2B-ABA9-388C3A6F1B63}.Debug|Any CPU.ActiveCfg = Debug|Any CPU
		{43E5A413-3137-4B2B-ABA9-388C3A6F1B63}.Debug|Any CPU.Build.0 = Debug|Any CPU
		{43E5A413-3137-4B2B-ABA9-388C3A6F1B63}.Release|Any CPU.ActiveCfg = Release|Any CPU
		{43E5A413-3137-4B2B-ABA9-388C3A6F1B63}.Release|Any CPU.Build.0 = Release|Any CPU
	EndGlobalSection
	GlobalSection(SolutionProperties) = preSolution
		HideSolutionNode = FALSE
	EndGlobalSection
	GlobalSection(ExtensibilityGlobals) = postSolution
		SolutionGuid = {5FDCEE40-3910-42FF-8BFB-C7BF0FB605E1}
	EndGlobalSection
EndGlobal
